// !$*UTF8*$!
{
	archiveVersion = 1;
	classes = {
	};
	objectVersion = 48;
	objects = {

/* Begin PBXBuildFile section */
		435303606DD5A6611FBB0CB7 /* Pods_HomeKit.framework in Frameworks */ = {isa = PBXBuildFile; fileRef = 2C2DE59EE7A3F0D64988E91C /* Pods_HomeKit.framework */; };
		59F320DDAC60088992788408 /* Pods_restaurant.framework in Frameworks */ = {isa = PBXBuildFile; fileRef = 3CA232C29A0C9B70450B34F1 /* Pods_restaurant.framework */; };
		661EAC6F201936FB009E2B10 /* RootViewController.swift in Sources */ = {isa = PBXBuildFile; fileRef = 661EAC6E201936FB009E2B10 /* RootViewController.swift */; };
		661EAC72201938FE009E2B10 /* RootView.swift in Sources */ = {isa = PBXBuildFile; fileRef = 661EAC71201938FE009E2B10 /* RootView.swift */; };
		661EAC74201939E3009E2B10 /* RootPresenter.swift in Sources */ = {isa = PBXBuildFile; fileRef = 661EAC73201939E3009E2B10 /* RootPresenter.swift */; };
		661EAC7620193A32009E2B10 /* MapViewPresenter.swift in Sources */ = {isa = PBXBuildFile; fileRef = 661EAC7520193A32009E2B10 /* MapViewPresenter.swift */; };
		669F13531FE01473008533EB /* AppDelegate.swift in Sources */ = {isa = PBXBuildFile; fileRef = 669F13521FE01473008533EB /* AppDelegate.swift */; };
		669F13551FE01473008533EB /* ViewController.swift in Sources */ = {isa = PBXBuildFile; fileRef = 669F13541FE01473008533EB /* ViewController.swift */; };
		669F135A1FE01473008533EB /* Assets.xcassets in Resources */ = {isa = PBXBuildFile; fileRef = 669F13591FE01473008533EB /* Assets.xcassets */; };
		66AF1EC21FCF261D008E8E36 /* AppDelegate.swift in Sources */ = {isa = PBXBuildFile; fileRef = 66AF1EC11FCF261D008E8E36 /* AppDelegate.swift */; };
		66AF1EC91FCF261D008E8E36 /* Assets.xcassets in Resources */ = {isa = PBXBuildFile; fileRef = 66AF1EC81FCF261D008E8E36 /* Assets.xcassets */; };
		66AF1ECC1FCF261D008E8E36 /* LaunchScreen.storyboard in Resources */ = {isa = PBXBuildFile; fileRef = 66AF1ECA1FCF261D008E8E36 /* LaunchScreen.storyboard */; };
		66AF1ED11FCF261D008E8E36 /* restaurant WatchKit App.app in Embed Watch Content */ = {isa = PBXBuildFile; fileRef = 66AF1ED01FCF261D008E8E36 /* restaurant WatchKit App.app */; };
		66AF1ED71FCF261D008E8E36 /* Interface.storyboard in Resources */ = {isa = PBXBuildFile; fileRef = 66AF1ED51FCF261D008E8E36 /* Interface.storyboard */; };
		66AF1ED91FCF261D008E8E36 /* Assets.xcassets in Resources */ = {isa = PBXBuildFile; fileRef = 66AF1ED81FCF261D008E8E36 /* Assets.xcassets */; };
		66AF1EE01FCF261D008E8E36 /* restaurant WatchKit Extension.appex in Embed App Extensions */ = {isa = PBXBuildFile; fileRef = 66AF1EDF1FCF261D008E8E36 /* restaurant WatchKit Extension.appex */; settings = {ATTRIBUTES = (RemoveHeadersOnCopy, ); }; };
		66AF1EE51FCF261D008E8E36 /* InterfaceController.swift in Sources */ = {isa = PBXBuildFile; fileRef = 66AF1EE41FCF261D008E8E36 /* InterfaceController.swift */; };
		66AF1EE71FCF261D008E8E36 /* ExtensionDelegate.swift in Sources */ = {isa = PBXBuildFile; fileRef = 66AF1EE61FCF261D008E8E36 /* ExtensionDelegate.swift */; };
		66AF1EE91FCF261E008E8E36 /* Assets.xcassets in Resources */ = {isa = PBXBuildFile; fileRef = 66AF1EE81FCF261E008E8E36 /* Assets.xcassets */; };
		66AF1EFB1FCF342C008E8E36 /* ApiService.swift in Sources */ = {isa = PBXBuildFile; fileRef = 66AF1EFA1FCF342C008E8E36 /* ApiService.swift */; };
		66AF1EFD1FCF3A25008E8E36 /* Restaurant.swift in Sources */ = {isa = PBXBuildFile; fileRef = 66AF1EFC1FCF3A25008E8E36 /* Restaurant.swift */; };
		66AF1F001FCF3B39008E8E36 /* Restaurant.swift in Sources */ = {isa = PBXBuildFile; fileRef = 66AF1EFC1FCF3A25008E8E36 /* Restaurant.swift */; };
		C4065AFD1FF81C6E0026797D /* Configuration.swift in Sources */ = {isa = PBXBuildFile; fileRef = C4065AFC1FF81C6E0026797D /* Configuration.swift */; };
		C4065AFF1FF822830026797D /* Result.swift in Sources */ = {isa = PBXBuildFile; fileRef = C4065AFE1FF822830026797D /* Result.swift */; };
		C4065B021FF831390026797D /* UIColor+Init.swift in Sources */ = {isa = PBXBuildFile; fileRef = C4065B011FF831390026797D /* UIColor+Init.swift */; };
		C4065B051FF831750026797D /* Color.swift in Sources */ = {isa = PBXBuildFile; fileRef = C4065B041FF831750026797D /* Color.swift */; };
		C4065B141FF838910026797D /* Localizable.strings in Resources */ = {isa = PBXBuildFile; fileRef = C4065B121FF838910026797D /* Localizable.strings */; };
		C419CA781FF83FB80008D4C0 /* TabBarHelper.swift in Sources */ = {isa = PBXBuildFile; fileRef = C419CA771FF83FB80008D4C0 /* TabBarHelper.swift */; };
		C419CA7B1FF904F50008D4C0 /* MapViewController.swift in Sources */ = {isa = PBXBuildFile; fileRef = C419CA791FF904F50008D4C0 /* MapViewController.swift */; };
		C419CA7C1FF904F50008D4C0 /* MapViewController.xib in Resources */ = {isa = PBXBuildFile; fileRef = C419CA7A1FF904F50008D4C0 /* MapViewController.xib */; };
		C419CA7F1FF908390008D4C0 /* ListRestaurantPresenter.swift in Sources */ = {isa = PBXBuildFile; fileRef = C419CA7E1FF908390008D4C0 /* ListRestaurantPresenter.swift */; };
		C419CA811FF908620008D4C0 /* Repository.swift in Sources */ = {isa = PBXBuildFile; fileRef = C419CA801FF908620008D4C0 /* Repository.swift */; };
		C419CA831FF908D80008D4C0 /* BaseView.swift in Sources */ = {isa = PBXBuildFile; fileRef = C419CA821FF908D80008D4C0 /* BaseView.swift */; };
		C419CA851FF908F60008D4C0 /* BasePresenter.swift in Sources */ = {isa = PBXBuildFile; fileRef = C419CA841FF908F60008D4C0 /* BasePresenter.swift */; };
		C43F0AE91FF8139A002F7318 /* ListRestaurantViewController.swift in Sources */ = {isa = PBXBuildFile; fileRef = C43F0AE71FF8139A002F7318 /* ListRestaurantViewController.swift */; };
		C43F0AEA1FF8139A002F7318 /* ListRestaurantViewController.xib in Resources */ = {isa = PBXBuildFile; fileRef = C43F0AE81FF8139A002F7318 /* ListRestaurantViewController.xib */; };
		C43F0AF01FF8182F002F7318 /* RestaurantRepository.swift in Sources */ = {isa = PBXBuildFile; fileRef = C43F0AEF1FF8182F002F7318 /* RestaurantRepository.swift */; };
		C43F0AF41FF819A3002F7318 /* ApiRestaurantRepository.swift in Sources */ = {isa = PBXBuildFile; fileRef = C43F0AF31FF819A3002F7318 /* ApiRestaurantRepository.swift */; };
		D12E08F583F3059D82BB2646 /* Pods_restaurant_WatchKit_App.framework in Frameworks */ = {isa = PBXBuildFile; fileRef = 71282FD929F0BD11A528E9C0 /* Pods_restaurant_WatchKit_App.framework */; };
		DFC96A2F009993480C55689E /* Pods_restaurant_WatchKit_Extension.framework in Frameworks */ = {isa = PBXBuildFile; fileRef = 7B31E242991484D6FC3F931A /* Pods_restaurant_WatchKit_Extension.framework */; };
/* End PBXBuildFile section */

/* Begin PBXContainerItemProxy section */
		66AF1ED21FCF261D008E8E36 /* PBXContainerItemProxy */ = {
			isa = PBXContainerItemProxy;
			containerPortal = 66AF1EB61FCF261D008E8E36 /* Project object */;
			proxyType = 1;
			remoteGlobalIDString = 66AF1ECF1FCF261D008E8E36;
			remoteInfo = "restaurant WatchKit App";
		};
		66AF1EE11FCF261D008E8E36 /* PBXContainerItemProxy */ = {
			isa = PBXContainerItemProxy;
			containerPortal = 66AF1EB61FCF261D008E8E36 /* Project object */;
			proxyType = 1;
			remoteGlobalIDString = 66AF1EDE1FCF261D008E8E36;
			remoteInfo = "restaurant WatchKit Extension";
		};
/* End PBXContainerItemProxy section */

/* Begin PBXCopyFilesBuildPhase section */
		66AF1EF01FCF261E008E8E36 /* Embed App Extensions */ = {
			isa = PBXCopyFilesBuildPhase;
			buildActionMask = 2147483647;
			dstPath = "";
			dstSubfolderSpec = 13;
			files = (
				66AF1EE01FCF261D008E8E36 /* restaurant WatchKit Extension.appex in Embed App Extensions */,
			);
			name = "Embed App Extensions";
			runOnlyForDeploymentPostprocessing = 0;
		};
		66AF1EF41FCF261E008E8E36 /* Embed Watch Content */ = {
			isa = PBXCopyFilesBuildPhase;
			buildActionMask = 2147483647;
			dstPath = "$(CONTENTS_FOLDER_PATH)/Watch";
			dstSubfolderSpec = 16;
			files = (
				66AF1ED11FCF261D008E8E36 /* restaurant WatchKit App.app in Embed Watch Content */,
			);
			name = "Embed Watch Content";
			runOnlyForDeploymentPostprocessing = 0;
		};
/* End PBXCopyFilesBuildPhase section */

/* Begin PBXFileReference section */
		15A996EF5D708AC2A273BF5A /* Pods-HomeKit.release.xcconfig */ = {isa = PBXFileReference; includeInIndex = 1; lastKnownFileType = text.xcconfig; name = "Pods-HomeKit.release.xcconfig"; path = "Pods/Target Support Files/Pods-HomeKit/Pods-HomeKit.release.xcconfig"; sourceTree = "<group>"; };
		2C2DE59EE7A3F0D64988E91C /* Pods_HomeKit.framework */ = {isa = PBXFileReference; explicitFileType = wrapper.framework; includeInIndex = 0; path = Pods_HomeKit.framework; sourceTree = BUILT_PRODUCTS_DIR; };
		391B94659F3C181012FCAD4D /* Pods-restaurant.debug.xcconfig */ = {isa = PBXFileReference; includeInIndex = 1; lastKnownFileType = text.xcconfig; name = "Pods-restaurant.debug.xcconfig"; path = "Pods/Target Support Files/Pods-restaurant/Pods-restaurant.debug.xcconfig"; sourceTree = "<group>"; };
		3CA232C29A0C9B70450B34F1 /* Pods_restaurant.framework */ = {isa = PBXFileReference; explicitFileType = wrapper.framework; includeInIndex = 0; path = Pods_restaurant.framework; sourceTree = BUILT_PRODUCTS_DIR; };
		4BC80DC48F317A3A514987FD /* Pods-HomeKit.debug.xcconfig */ = {isa = PBXFileReference; includeInIndex = 1; lastKnownFileType = text.xcconfig; name = "Pods-HomeKit.debug.xcconfig"; path = "Pods/Target Support Files/Pods-HomeKit/Pods-HomeKit.debug.xcconfig"; sourceTree = "<group>"; };
		661EAC6D20191ECE009E2B10 /* restaurant-Bridging-Header.h */ = {isa = PBXFileReference; lastKnownFileType = sourcecode.c.h; path = "restaurant-Bridging-Header.h"; sourceTree = "<group>"; };
		661EAC6E201936FB009E2B10 /* RootViewController.swift */ = {isa = PBXFileReference; lastKnownFileType = sourcecode.swift; path = RootViewController.swift; sourceTree = "<group>"; };
		661EAC71201938FE009E2B10 /* RootView.swift */ = {isa = PBXFileReference; lastKnownFileType = sourcecode.swift; path = RootView.swift; sourceTree = "<group>"; };
		661EAC73201939E3009E2B10 /* RootPresenter.swift */ = {isa = PBXFileReference; lastKnownFileType = sourcecode.swift; path = RootPresenter.swift; sourceTree = "<group>"; };
		661EAC7520193A32009E2B10 /* MapViewPresenter.swift */ = {isa = PBXFileReference; lastKnownFileType = sourcecode.swift; path = MapViewPresenter.swift; sourceTree = "<group>"; };
		669F13501FE01473008533EB /* HomeKit.app */ = {isa = PBXFileReference; explicitFileType = wrapper.application; includeInIndex = 0; path = HomeKit.app; sourceTree = BUILT_PRODUCTS_DIR; };
		669F13521FE01473008533EB /* AppDelegate.swift */ = {isa = PBXFileReference; lastKnownFileType = sourcecode.swift; path = AppDelegate.swift; sourceTree = "<group>"; };
		669F13541FE01473008533EB /* ViewController.swift */ = {isa = PBXFileReference; lastKnownFileType = sourcecode.swift; path = ViewController.swift; sourceTree = "<group>"; };
		669F13591FE01473008533EB /* Assets.xcassets */ = {isa = PBXFileReference; lastKnownFileType = folder.assetcatalog; path = Assets.xcassets; sourceTree = "<group>"; };
		669F135E1FE01473008533EB /* Info.plist */ = {isa = PBXFileReference; lastKnownFileType = text.plist.xml; path = Info.plist; sourceTree = "<group>"; };
		66AF1EBE1FCF261D008E8E36 /* restaurant.app */ = {isa = PBXFileReference; explicitFileType = wrapper.application; includeInIndex = 0; path = restaurant.app; sourceTree = BUILT_PRODUCTS_DIR; };
		66AF1EC11FCF261D008E8E36 /* AppDelegate.swift */ = {isa = PBXFileReference; lastKnownFileType = sourcecode.swift; path = AppDelegate.swift; sourceTree = "<group>"; };
		66AF1EC81FCF261D008E8E36 /* Assets.xcassets */ = {isa = PBXFileReference; lastKnownFileType = folder.assetcatalog; path = Assets.xcassets; sourceTree = "<group>"; };
		66AF1ECD1FCF261D008E8E36 /* Info.plist */ = {isa = PBXFileReference; lastKnownFileType = text.plist.xml; path = Info.plist; sourceTree = "<group>"; };
		66AF1ED01FCF261D008E8E36 /* restaurant WatchKit App.app */ = {isa = PBXFileReference; explicitFileType = wrapper.application; includeInIndex = 0; path = "restaurant WatchKit App.app"; sourceTree = BUILT_PRODUCTS_DIR; };
		66AF1ED81FCF261D008E8E36 /* Assets.xcassets */ = {isa = PBXFileReference; lastKnownFileType = folder.assetcatalog; path = Assets.xcassets; sourceTree = "<group>"; };
		66AF1EDA1FCF261D008E8E36 /* Info.plist */ = {isa = PBXFileReference; lastKnownFileType = text.plist.xml; path = Info.plist; sourceTree = "<group>"; };
		66AF1EDF1FCF261D008E8E36 /* restaurant WatchKit Extension.appex */ = {isa = PBXFileReference; explicitFileType = "wrapper.app-extension"; includeInIndex = 0; path = "restaurant WatchKit Extension.appex"; sourceTree = BUILT_PRODUCTS_DIR; };
		66AF1EE41FCF261D008E8E36 /* InterfaceController.swift */ = {isa = PBXFileReference; lastKnownFileType = sourcecode.swift; path = InterfaceController.swift; sourceTree = "<group>"; };
		66AF1EE61FCF261D008E8E36 /* ExtensionDelegate.swift */ = {isa = PBXFileReference; lastKnownFileType = sourcecode.swift; path = ExtensionDelegate.swift; sourceTree = "<group>"; };
		66AF1EE81FCF261E008E8E36 /* Assets.xcassets */ = {isa = PBXFileReference; lastKnownFileType = folder.assetcatalog; path = Assets.xcassets; sourceTree = "<group>"; };
		66AF1EEA1FCF261E008E8E36 /* Info.plist */ = {isa = PBXFileReference; lastKnownFileType = text.plist.xml; path = Info.plist; sourceTree = "<group>"; };
		66AF1EFA1FCF342C008E8E36 /* ApiService.swift */ = {isa = PBXFileReference; lastKnownFileType = sourcecode.swift; path = ApiService.swift; sourceTree = "<group>"; };
		66AF1EFC1FCF3A25008E8E36 /* Restaurant.swift */ = {isa = PBXFileReference; lastKnownFileType = sourcecode.swift; path = Restaurant.swift; sourceTree = "<group>"; };
		71282FD929F0BD11A528E9C0 /* Pods_restaurant_WatchKit_App.framework */ = {isa = PBXFileReference; explicitFileType = wrapper.framework; includeInIndex = 0; path = Pods_restaurant_WatchKit_App.framework; sourceTree = BUILT_PRODUCTS_DIR; };
		7A230747928B677F8837BD8E /* Pods-restaurant.release.xcconfig */ = {isa = PBXFileReference; includeInIndex = 1; lastKnownFileType = text.xcconfig; name = "Pods-restaurant.release.xcconfig"; path = "Pods/Target Support Files/Pods-restaurant/Pods-restaurant.release.xcconfig"; sourceTree = "<group>"; };
		7B31E242991484D6FC3F931A /* Pods_restaurant_WatchKit_Extension.framework */ = {isa = PBXFileReference; explicitFileType = wrapper.framework; includeInIndex = 0; path = Pods_restaurant_WatchKit_Extension.framework; sourceTree = BUILT_PRODUCTS_DIR; };
		839C769DD73EC890337B758D /* Pods-restaurant WatchKit Extension.debug.xcconfig */ = {isa = PBXFileReference; includeInIndex = 1; lastKnownFileType = text.xcconfig; name = "Pods-restaurant WatchKit Extension.debug.xcconfig"; path = "Pods/Target Support Files/Pods-restaurant WatchKit Extension/Pods-restaurant WatchKit Extension.debug.xcconfig"; sourceTree = "<group>"; };
		BA080F3EFA46569BF7C6072F /* Pods-restaurant WatchKit Extension.release.xcconfig */ = {isa = PBXFileReference; includeInIndex = 1; lastKnownFileType = text.xcconfig; name = "Pods-restaurant WatchKit Extension.release.xcconfig"; path = "Pods/Target Support Files/Pods-restaurant WatchKit Extension/Pods-restaurant WatchKit Extension.release.xcconfig"; sourceTree = "<group>"; };
		C4065AFC1FF81C6E0026797D /* Configuration.swift */ = {isa = PBXFileReference; lastKnownFileType = sourcecode.swift; path = Configuration.swift; sourceTree = "<group>"; };
		C4065AFE1FF822830026797D /* Result.swift */ = {isa = PBXFileReference; lastKnownFileType = sourcecode.swift; path = Result.swift; sourceTree = "<group>"; };
		C4065B011FF831390026797D /* UIColor+Init.swift */ = {isa = PBXFileReference; lastKnownFileType = sourcecode.swift; path = "UIColor+Init.swift"; sourceTree = "<group>"; };
		C4065B041FF831750026797D /* Color.swift */ = {isa = PBXFileReference; lastKnownFileType = sourcecode.swift; path = Color.swift; sourceTree = "<group>"; };
		C4065B0E1FF838070026797D /* Base */ = {isa = PBXFileReference; lastKnownFileType = file.storyboard; name = Base; path = Base.lproj/LaunchScreen.storyboard; sourceTree = "<group>"; };
		C4065B0F1FF838080026797D /* Base */ = {isa = PBXFileReference; lastKnownFileType = file.storyboard; name = Base; path = Base.lproj/Interface.storyboard; sourceTree = "<group>"; };
		C4065B131FF838910026797D /* en */ = {isa = PBXFileReference; lastKnownFileType = text.plist.strings; name = en; path = en.lproj/Localizable.strings; sourceTree = "<group>"; };
		C4065B151FF838B90026797D /* Base */ = {isa = PBXFileReference; lastKnownFileType = text.plist.strings; name = Base; path = Base.lproj/Localizable.strings; sourceTree = "<group>"; };
		C419CA771FF83FB80008D4C0 /* TabBarHelper.swift */ = {isa = PBXFileReference; lastKnownFileType = sourcecode.swift; path = TabBarHelper.swift; sourceTree = "<group>"; };
		C419CA791FF904F50008D4C0 /* MapViewController.swift */ = {isa = PBXFileReference; lastKnownFileType = sourcecode.swift; path = MapViewController.swift; sourceTree = "<group>"; };
		C419CA7A1FF904F50008D4C0 /* MapViewController.xib */ = {isa = PBXFileReference; lastKnownFileType = file.xib; path = MapViewController.xib; sourceTree = "<group>"; };
		C419CA7E1FF908390008D4C0 /* ListRestaurantPresenter.swift */ = {isa = PBXFileReference; lastKnownFileType = sourcecode.swift; path = ListRestaurantPresenter.swift; sourceTree = "<group>"; };
		C419CA801FF908620008D4C0 /* Repository.swift */ = {isa = PBXFileReference; lastKnownFileType = sourcecode.swift; path = Repository.swift; sourceTree = "<group>"; };
		C419CA821FF908D80008D4C0 /* BaseView.swift */ = {isa = PBXFileReference; lastKnownFileType = sourcecode.swift; path = BaseView.swift; sourceTree = "<group>"; };
		C419CA841FF908F60008D4C0 /* BasePresenter.swift */ = {isa = PBXFileReference; lastKnownFileType = sourcecode.swift; path = BasePresenter.swift; sourceTree = "<group>"; };
		C43F0AE71FF8139A002F7318 /* ListRestaurantViewController.swift */ = {isa = PBXFileReference; lastKnownFileType = sourcecode.swift; path = ListRestaurantViewController.swift; sourceTree = "<group>"; };
		C43F0AE81FF8139A002F7318 /* ListRestaurantViewController.xib */ = {isa = PBXFileReference; lastKnownFileType = file.xib; path = ListRestaurantViewController.xib; sourceTree = "<group>"; };
		C43F0AEF1FF8182F002F7318 /* RestaurantRepository.swift */ = {isa = PBXFileReference; lastKnownFileType = sourcecode.swift; path = RestaurantRepository.swift; sourceTree = "<group>"; };
		C43F0AF31FF819A3002F7318 /* ApiRestaurantRepository.swift */ = {isa = PBXFileReference; lastKnownFileType = sourcecode.swift; path = ApiRestaurantRepository.swift; sourceTree = "<group>"; };
		C4973083BB3C5597D7F4D47A /* Pods-restaurant WatchKit App.release.xcconfig */ = {isa = PBXFileReference; includeInIndex = 1; lastKnownFileType = text.xcconfig; name = "Pods-restaurant WatchKit App.release.xcconfig"; path = "Pods/Target Support Files/Pods-restaurant WatchKit App/Pods-restaurant WatchKit App.release.xcconfig"; sourceTree = "<group>"; };
		FCDAFDFEF243A2832927DAB5 /* Pods-restaurant WatchKit App.debug.xcconfig */ = {isa = PBXFileReference; includeInIndex = 1; lastKnownFileType = text.xcconfig; name = "Pods-restaurant WatchKit App.debug.xcconfig"; path = "Pods/Target Support Files/Pods-restaurant WatchKit App/Pods-restaurant WatchKit App.debug.xcconfig"; sourceTree = "<group>"; };
/* End PBXFileReference section */

/* Begin PBXFrameworksBuildPhase section */
		16C104783E335DFF4ACC8FBC /* Frameworks */ = {
			isa = PBXFrameworksBuildPhase;
			buildActionMask = 2147483647;
			files = (
				D12E08F583F3059D82BB2646 /* Pods_restaurant_WatchKit_App.framework in Frameworks */,
			);
			runOnlyForDeploymentPostprocessing = 0;
		};
		669F134D1FE01473008533EB /* Frameworks */ = {
			isa = PBXFrameworksBuildPhase;
			buildActionMask = 2147483647;
			files = (
				435303606DD5A6611FBB0CB7 /* Pods_HomeKit.framework in Frameworks */,
			);
			runOnlyForDeploymentPostprocessing = 0;
		};
		66AF1EBB1FCF261D008E8E36 /* Frameworks */ = {
			isa = PBXFrameworksBuildPhase;
			buildActionMask = 2147483647;
			files = (
				59F320DDAC60088992788408 /* Pods_restaurant.framework in Frameworks */,
			);
			runOnlyForDeploymentPostprocessing = 0;
		};
		66AF1EDC1FCF261D008E8E36 /* Frameworks */ = {
			isa = PBXFrameworksBuildPhase;
			buildActionMask = 2147483647;
			files = (
				DFC96A2F009993480C55689E /* Pods_restaurant_WatchKit_Extension.framework in Frameworks */,
			);
			runOnlyForDeploymentPostprocessing = 0;
		};
/* End PBXFrameworksBuildPhase section */

/* Begin PBXGroup section */
		0F7D2C57DF36186B2FA817D5 /* Pods */ = {
			isa = PBXGroup;
			children = (
				4BC80DC48F317A3A514987FD /* Pods-HomeKit.debug.xcconfig */,
				15A996EF5D708AC2A273BF5A /* Pods-HomeKit.release.xcconfig */,
				391B94659F3C181012FCAD4D /* Pods-restaurant.debug.xcconfig */,
				7A230747928B677F8837BD8E /* Pods-restaurant.release.xcconfig */,
				FCDAFDFEF243A2832927DAB5 /* Pods-restaurant WatchKit App.debug.xcconfig */,
				C4973083BB3C5597D7F4D47A /* Pods-restaurant WatchKit App.release.xcconfig */,
				839C769DD73EC890337B758D /* Pods-restaurant WatchKit Extension.debug.xcconfig */,
				BA080F3EFA46569BF7C6072F /* Pods-restaurant WatchKit Extension.release.xcconfig */,
			);
			name = Pods;
			sourceTree = "<group>";
		};
		661EAC70201938BC009E2B10 /* Map */ = {
			isa = PBXGroup;
			children = (
				C419CA791FF904F50008D4C0 /* MapViewController.swift */,
				C419CA7A1FF904F50008D4C0 /* MapViewController.xib */,
				661EAC7520193A32009E2B10 /* MapViewPresenter.swift */,
			);
			path = Map;
			sourceTree = "<group>";
		};
		669F13511FE01473008533EB /* HomeKit */ = {
			isa = PBXGroup;
			children = (
				669F13521FE01473008533EB /* AppDelegate.swift */,
				669F13541FE01473008533EB /* ViewController.swift */,
				669F13591FE01473008533EB /* Assets.xcassets */,
				669F135E1FE01473008533EB /* Info.plist */,
			);
			path = HomeKit;
			sourceTree = "<group>";
		};
		66AF1EB51FCF261D008E8E36 = {
			isa = PBXGroup;
			children = (
				66AF1EC01FCF261D008E8E36 /* restaurant */,
				66AF1ED41FCF261D008E8E36 /* restaurant WatchKit App */,
				66AF1EE31FCF261D008E8E36 /* restaurant WatchKit Extension */,
				669F13511FE01473008533EB /* HomeKit */,
				66AF1EBF1FCF261D008E8E36 /* Products */,
				0F7D2C57DF36186B2FA817D5 /* Pods */,
				E5B4A9737DF0869B03CFAC75 /* Frameworks */,
			);
			sourceTree = "<group>";
		};
		66AF1EBF1FCF261D008E8E36 /* Products */ = {
			isa = PBXGroup;
			children = (
				66AF1EBE1FCF261D008E8E36 /* restaurant.app */,
				66AF1ED01FCF261D008E8E36 /* restaurant WatchKit App.app */,
				66AF1EDF1FCF261D008E8E36 /* restaurant WatchKit Extension.appex */,
				669F13501FE01473008533EB /* HomeKit.app */,
			);
			name = Products;
			sourceTree = "<group>";
		};
		66AF1EC01FCF261D008E8E36 /* restaurant */ = {
			isa = PBXGroup;
			children = (
				66AF1EC11FCF261D008E8E36 /* AppDelegate.swift */,
				C419CA821FF908D80008D4C0 /* BaseView.swift */,
				C419CA841FF908F60008D4C0 /* BasePresenter.swift */,
				C4065B031FF831650026797D /* Style */,
				C419CA761FF83F9F0008D4C0 /* Helper */,
				C419CA751FF83F880008D4C0 /* Controller */,
				C4065B001FF831130026797D /* Extension */,
				C43F0AEB1FF815FE002F7318 /* Data */,
				66AF1EC81FCF261D008E8E36 /* Assets.xcassets */,
				66AF1ECA1FCF261D008E8E36 /* LaunchScreen.storyboard */,
				66AF1ECD1FCF261D008E8E36 /* Info.plist */,
				C4065B121FF838910026797D /* Localizable.strings */,
				661EAC6D20191ECE009E2B10 /* restaurant-Bridging-Header.h */,
			);
			path = restaurant;
			sourceTree = "<group>";
		};
		66AF1ED41FCF261D008E8E36 /* restaurant WatchKit App */ = {
			isa = PBXGroup;
			children = (
				66AF1ED51FCF261D008E8E36 /* Interface.storyboard */,
				66AF1ED81FCF261D008E8E36 /* Assets.xcassets */,
				66AF1EDA1FCF261D008E8E36 /* Info.plist */,
			);
			path = "restaurant WatchKit App";
			sourceTree = "<group>";
		};
		66AF1EE31FCF261D008E8E36 /* restaurant WatchKit Extension */ = {
			isa = PBXGroup;
			children = (
				66AF1EE41FCF261D008E8E36 /* InterfaceController.swift */,
				66AF1EE61FCF261D008E8E36 /* ExtensionDelegate.swift */,
				66AF1EE81FCF261E008E8E36 /* Assets.xcassets */,
				66AF1EEA1FCF261E008E8E36 /* Info.plist */,
			);
			path = "restaurant WatchKit Extension";
			sourceTree = "<group>";
		};
		C4065B001FF831130026797D /* Extension */ = {
			isa = PBXGroup;
			children = (
				C4065B011FF831390026797D /* UIColor+Init.swift */,
			);
			path = Extension;
			sourceTree = "<group>";
		};
		C4065B031FF831650026797D /* Style */ = {
			isa = PBXGroup;
			children = (
				C4065B041FF831750026797D /* Color.swift */,
			);
			path = Style;
			sourceTree = "<group>";
		};
		C419CA751FF83F880008D4C0 /* Controller */ = {
			isa = PBXGroup;
			children = (
				661EAC70201938BC009E2B10 /* Map */,
				C419CA7D1FF907EF0008D4C0 /* ListRestaurant */,
				661EAC6E201936FB009E2B10 /* RootViewController.swift */,
				661EAC71201938FE009E2B10 /* RootView.swift */,
				661EAC73201939E3009E2B10 /* RootPresenter.swift */,
			);
			path = Controller;
			sourceTree = "<group>";
		};
		C419CA761FF83F9F0008D4C0 /* Helper */ = {
			isa = PBXGroup;
			children = (
				66AF1EFA1FCF342C008E8E36 /* ApiService.swift */,
				C419CA771FF83FB80008D4C0 /* TabBarHelper.swift */,
			);
			path = Helper;
			sourceTree = "<group>";
		};
		C419CA7D1FF907EF0008D4C0 /* ListRestaurant */ = {
			isa = PBXGroup;
			children = (
				C43F0AE81FF8139A002F7318 /* ListRestaurantViewController.xib */,
				C43F0AE71FF8139A002F7318 /* ListRestaurantViewController.swift */,
				C419CA7E1FF908390008D4C0 /* ListRestaurantPresenter.swift */,
			);
			path = ListRestaurant;
			sourceTree = "<group>";
		};
		C43F0AEB1FF815FE002F7318 /* Data */ = {
			isa = PBXGroup;
			children = (
				C43F0AF11FF8186E002F7318 /* Model */,
				C43F0AEC1FF8161C002F7318 /* Repository */,
				C4065AFC1FF81C6E0026797D /* Configuration.swift */,
			);
			path = Data;
			sourceTree = "<group>";
		};
		C43F0AEC1FF8161C002F7318 /* Repository */ = {
			isa = PBXGroup;
			children = (
				C43F0AF21FF8197D002F7318 /* Restaurant */,
				C419CA801FF908620008D4C0 /* Repository.swift */,
			);
			path = Repository;
			sourceTree = "<group>";
		};
		C43F0AF11FF8186E002F7318 /* Model */ = {
			isa = PBXGroup;
			children = (
				66AF1EFC1FCF3A25008E8E36 /* Restaurant.swift */,
				C4065AFE1FF822830026797D /* Result.swift */,
			);
			path = Model;
			sourceTree = "<group>";
		};
		C43F0AF21FF8197D002F7318 /* Restaurant */ = {
			isa = PBXGroup;
			children = (
				C43F0AEF1FF8182F002F7318 /* RestaurantRepository.swift */,
				C43F0AF31FF819A3002F7318 /* ApiRestaurantRepository.swift */,
			);
			path = Restaurant;
			sourceTree = "<group>";
		};
		E5B4A9737DF0869B03CFAC75 /* Frameworks */ = {
			isa = PBXGroup;
			children = (
				2C2DE59EE7A3F0D64988E91C /* Pods_HomeKit.framework */,
				3CA232C29A0C9B70450B34F1 /* Pods_restaurant.framework */,
				71282FD929F0BD11A528E9C0 /* Pods_restaurant_WatchKit_App.framework */,
				7B31E242991484D6FC3F931A /* Pods_restaurant_WatchKit_Extension.framework */,
			);
			name = Frameworks;
			sourceTree = "<group>";
		};
/* End PBXGroup section */

/* Begin PBXNativeTarget section */
		669F134F1FE01473008533EB /* HomeKit */ = {
			isa = PBXNativeTarget;
			buildConfigurationList = 669F13611FE01473008533EB /* Build configuration list for PBXNativeTarget "HomeKit" */;
			buildPhases = (
				CDF9316078F4CE47AA62EEAC /* [CP] Check Pods Manifest.lock */,
				669F134C1FE01473008533EB /* Sources */,
				669F134D1FE01473008533EB /* Frameworks */,
				669F134E1FE01473008533EB /* Resources */,
				360461E4551AE6B9A06130E1 /* [CP] Embed Pods Frameworks */,
				DE32D2FE74967351EC2AA234 /* [CP] Copy Pods Resources */,
			);
			buildRules = (
			);
			dependencies = (
			);
			name = HomeKit;
			productName = HomeKit;
			productReference = 669F13501FE01473008533EB /* HomeKit.app */;
			productType = "com.apple.product-type.application";
		};
		66AF1EBD1FCF261D008E8E36 /* restaurant */ = {
			isa = PBXNativeTarget;
			buildConfigurationList = 66AF1EF51FCF261E008E8E36 /* Build configuration list for PBXNativeTarget "restaurant" */;
			buildPhases = (
				C3C68B74F211F4607BE3532A /* [CP] Check Pods Manifest.lock */,
				66AF1EBA1FCF261D008E8E36 /* Sources */,
				66AF1EBB1FCF261D008E8E36 /* Frameworks */,
				66AF1EBC1FCF261D008E8E36 /* Resources */,
				66AF1EF41FCF261E008E8E36 /* Embed Watch Content */,
				1614AF2742812FE50D5BDF99 /* [CP] Embed Pods Frameworks */,
				2B7716B6C6E1EB24E1D3D0EE /* [CP] Copy Pods Resources */,
			);
			buildRules = (
			);
			dependencies = (
				66AF1ED31FCF261D008E8E36 /* PBXTargetDependency */,
			);
			name = restaurant;
			productName = restaurant;
			productReference = 66AF1EBE1FCF261D008E8E36 /* restaurant.app */;
			productType = "com.apple.product-type.application";
		};
		66AF1ECF1FCF261D008E8E36 /* restaurant WatchKit App */ = {
			isa = PBXNativeTarget;
			buildConfigurationList = 66AF1EF11FCF261E008E8E36 /* Build configuration list for PBXNativeTarget "restaurant WatchKit App" */;
			buildPhases = (
				0E692758FF55331AA687C42E /* [CP] Check Pods Manifest.lock */,
				66AF1ECE1FCF261D008E8E36 /* Resources */,
				66AF1EF01FCF261E008E8E36 /* Embed App Extensions */,
				16C104783E335DFF4ACC8FBC /* Frameworks */,
				3BD45ACD3B9559C004735608 /* [CP] Copy Pods Resources */,
			);
			buildRules = (
			);
			dependencies = (
				66AF1EE21FCF261D008E8E36 /* PBXTargetDependency */,
			);
			name = "restaurant WatchKit App";
			productName = "restaurant WatchKit App";
			productReference = 66AF1ED01FCF261D008E8E36 /* restaurant WatchKit App.app */;
			productType = "com.apple.product-type.application.watchapp2";
		};
		66AF1EDE1FCF261D008E8E36 /* restaurant WatchKit Extension */ = {
			isa = PBXNativeTarget;
			buildConfigurationList = 66AF1EED1FCF261E008E8E36 /* Build configuration list for PBXNativeTarget "restaurant WatchKit Extension" */;
			buildPhases = (
				BEA9AA470D860D1DB0B383CE /* [CP] Check Pods Manifest.lock */,
				66AF1EDB1FCF261D008E8E36 /* Sources */,
				66AF1EDC1FCF261D008E8E36 /* Frameworks */,
				66AF1EDD1FCF261D008E8E36 /* Resources */,
				5CACEC24EC54B92F046F0630 /* [CP] Embed Pods Frameworks */,
				4CEBEE3992498AC84A8F2656 /* [CP] Copy Pods Resources */,
			);
			buildRules = (
			);
			dependencies = (
			);
			name = "restaurant WatchKit Extension";
			productName = "restaurant WatchKit Extension";
			productReference = 66AF1EDF1FCF261D008E8E36 /* restaurant WatchKit Extension.appex */;
			productType = "com.apple.product-type.watchkit2-extension";
		};
/* End PBXNativeTarget section */

/* Begin PBXProject section */
		66AF1EB61FCF261D008E8E36 /* Project object */ = {
			isa = PBXProject;
			attributes = {
				LastSwiftUpdateCheck = 0920;
				LastUpgradeCheck = 0910;
				ORGANIZATIONNAME = ESGI;
				TargetAttributes = {
					669F134F1FE01473008533EB = {
						CreatedOnToolsVersion = 9.2;
						ProvisioningStyle = Automatic;
					};
					66AF1EBD1FCF261D008E8E36 = {
						CreatedOnToolsVersion = 9.1;
						LastSwiftMigration = 0920;
						ProvisioningStyle = Automatic;
					};
					66AF1ECF1FCF261D008E8E36 = {
						CreatedOnToolsVersion = 9.1;
						ProvisioningStyle = Automatic;
					};
					66AF1EDE1FCF261D008E8E36 = {
						CreatedOnToolsVersion = 9.1;
						ProvisioningStyle = Automatic;
					};
				};
			};
			buildConfigurationList = 66AF1EB91FCF261D008E8E36 /* Build configuration list for PBXProject "restaurant" */;
			compatibilityVersion = "Xcode 8.0";
			developmentRegion = en;
			hasScannedForEncodings = 0;
			knownRegions = (
				en,
				fr,
				Base,
			);
			mainGroup = 66AF1EB51FCF261D008E8E36;
			productRefGroup = 66AF1EBF1FCF261D008E8E36 /* Products */;
			projectDirPath = "";
			projectRoot = "";
			targets = (
				66AF1EBD1FCF261D008E8E36 /* restaurant */,
				66AF1ECF1FCF261D008E8E36 /* restaurant WatchKit App */,
				66AF1EDE1FCF261D008E8E36 /* restaurant WatchKit Extension */,
				669F134F1FE01473008533EB /* HomeKit */,
			);
		};
/* End PBXProject section */

/* Begin PBXResourcesBuildPhase section */
		669F134E1FE01473008533EB /* Resources */ = {
			isa = PBXResourcesBuildPhase;
			buildActionMask = 2147483647;
			files = (
				669F135A1FE01473008533EB /* Assets.xcassets in Resources */,
			);
			runOnlyForDeploymentPostprocessing = 0;
		};
		66AF1EBC1FCF261D008E8E36 /* Resources */ = {
			isa = PBXResourcesBuildPhase;
			buildActionMask = 2147483647;
			files = (
				C43F0AEA1FF8139A002F7318 /* ListRestaurantViewController.xib in Resources */,
				C4065B141FF838910026797D /* Localizable.strings in Resources */,
				66AF1ECC1FCF261D008E8E36 /* LaunchScreen.storyboard in Resources */,
				C419CA7C1FF904F50008D4C0 /* MapViewController.xib in Resources */,
				66AF1EC91FCF261D008E8E36 /* Assets.xcassets in Resources */,
			);
			runOnlyForDeploymentPostprocessing = 0;
		};
		66AF1ECE1FCF261D008E8E36 /* Resources */ = {
			isa = PBXResourcesBuildPhase;
			buildActionMask = 2147483647;
			files = (
				66AF1ED91FCF261D008E8E36 /* Assets.xcassets in Resources */,
				66AF1ED71FCF261D008E8E36 /* Interface.storyboard in Resources */,
			);
			runOnlyForDeploymentPostprocessing = 0;
		};
		66AF1EDD1FCF261D008E8E36 /* Resources */ = {
			isa = PBXResourcesBuildPhase;
			buildActionMask = 2147483647;
			files = (
				66AF1EE91FCF261E008E8E36 /* Assets.xcassets in Resources */,
			);
			runOnlyForDeploymentPostprocessing = 0;
		};
/* End PBXResourcesBuildPhase section */

/* Begin PBXShellScriptBuildPhase section */
		0E692758FF55331AA687C42E /* [CP] Check Pods Manifest.lock */ = {
			isa = PBXShellScriptBuildPhase;
			buildActionMask = 2147483647;
			files = (
			);
			inputPaths = (
				"${PODS_PODFILE_DIR_PATH}/Podfile.lock",
				"${PODS_ROOT}/Manifest.lock",
			);
			name = "[CP] Check Pods Manifest.lock";
			outputPaths = (
				"$(DERIVED_FILE_DIR)/Pods-restaurant WatchKit App-checkManifestLockResult.txt",
			);
			runOnlyForDeploymentPostprocessing = 0;
			shellPath = /bin/sh;
			shellScript = "diff \"${PODS_PODFILE_DIR_PATH}/Podfile.lock\" \"${PODS_ROOT}/Manifest.lock\" > /dev/null\nif [ $? != 0 ] ; then\n    # print error to STDERR\n    echo \"error: The sandbox is not in sync with the Podfile.lock. Run 'pod install' or update your CocoaPods installation.\" >&2\n    exit 1\nfi\n# This output is used by Xcode 'outputs' to avoid re-running this script phase.\necho \"SUCCESS\" > \"${SCRIPT_OUTPUT_FILE_0}\"\n";
			showEnvVarsInLog = 0;
		};
		1614AF2742812FE50D5BDF99 /* [CP] Embed Pods Frameworks */ = {
			isa = PBXShellScriptBuildPhase;
			buildActionMask = 2147483647;
			files = (
			);
			inputPaths = (
				"${SRCROOT}/Pods/Target Support Files/Pods-restaurant/Pods-restaurant-frameworks.sh",
				"${BUILT_PRODUCTS_DIR}/Alamofire/Alamofire.framework",
				"${BUILT_PRODUCTS_DIR}/AlamofireImage/AlamofireImage.framework",
				"${BUILT_PRODUCTS_DIR}/UIScrollView-InfiniteScroll/UIScrollView_InfiniteScroll.framework",
			);
			name = "[CP] Embed Pods Frameworks";
			outputPaths = (
				"${TARGET_BUILD_DIR}/${FRAMEWORKS_FOLDER_PATH}/Alamofire.framework",
				"${TARGET_BUILD_DIR}/${FRAMEWORKS_FOLDER_PATH}/AlamofireImage.framework",
				"${TARGET_BUILD_DIR}/${FRAMEWORKS_FOLDER_PATH}/UIScrollView_InfiniteScroll.framework",
			);
			runOnlyForDeploymentPostprocessing = 0;
			shellPath = /bin/sh;
			shellScript = "\"${SRCROOT}/Pods/Target Support Files/Pods-restaurant/Pods-restaurant-frameworks.sh\"\n";
			showEnvVarsInLog = 0;
		};
		2B7716B6C6E1EB24E1D3D0EE /* [CP] Copy Pods Resources */ = {
			isa = PBXShellScriptBuildPhase;
			buildActionMask = 2147483647;
			files = (
			);
			inputPaths = (
			);
			name = "[CP] Copy Pods Resources";
			outputPaths = (
			);
			runOnlyForDeploymentPostprocessing = 0;
			shellPath = /bin/sh;
			shellScript = "\"${SRCROOT}/Pods/Target Support Files/Pods-restaurant/Pods-restaurant-resources.sh\"\n";
			showEnvVarsInLog = 0;
		};
		360461E4551AE6B9A06130E1 /* [CP] Embed Pods Frameworks */ = {
			isa = PBXShellScriptBuildPhase;
			buildActionMask = 2147483647;
			files = (
			);
			inputPaths = (
			);
			name = "[CP] Embed Pods Frameworks";
			outputPaths = (
			);
			runOnlyForDeploymentPostprocessing = 0;
			shellPath = /bin/sh;
			shellScript = "\"${SRCROOT}/Pods/Target Support Files/Pods-HomeKit/Pods-HomeKit-frameworks.sh\"\n";
			showEnvVarsInLog = 0;
		};
		3BD45ACD3B9559C004735608 /* [CP] Copy Pods Resources */ = {
			isa = PBXShellScriptBuildPhase;
			buildActionMask = 2147483647;
			files = (
			);
			inputPaths = (
			);
			name = "[CP] Copy Pods Resources";
			outputPaths = (
			);
			runOnlyForDeploymentPostprocessing = 0;
			shellPath = /bin/sh;
			shellScript = "\"${SRCROOT}/Pods/Target Support Files/Pods-restaurant WatchKit App/Pods-restaurant WatchKit App-resources.sh\"\n";
			showEnvVarsInLog = 0;
		};
		4CEBEE3992498AC84A8F2656 /* [CP] Copy Pods Resources */ = {
			isa = PBXShellScriptBuildPhase;
			buildActionMask = 2147483647;
			files = (
			);
			inputPaths = (
			);
			name = "[CP] Copy Pods Resources";
			outputPaths = (
			);
			runOnlyForDeploymentPostprocessing = 0;
			shellPath = /bin/sh;
			shellScript = "\"${SRCROOT}/Pods/Target Support Files/Pods-restaurant WatchKit Extension/Pods-restaurant WatchKit Extension-resources.sh\"\n";
			showEnvVarsInLog = 0;
		};
		5CACEC24EC54B92F046F0630 /* [CP] Embed Pods Frameworks */ = {
			isa = PBXShellScriptBuildPhase;
			buildActionMask = 2147483647;
			files = (
			);
			inputPaths = (
			);
			name = "[CP] Embed Pods Frameworks";
			outputPaths = (
			);
			runOnlyForDeploymentPostprocessing = 0;
			shellPath = /bin/sh;
			shellScript = "\"${SRCROOT}/Pods/Target Support Files/Pods-restaurant WatchKit Extension/Pods-restaurant WatchKit Extension-frameworks.sh\"\n";
			showEnvVarsInLog = 0;
		};
		BEA9AA470D860D1DB0B383CE /* [CP] Check Pods Manifest.lock */ = {
			isa = PBXShellScriptBuildPhase;
			buildActionMask = 2147483647;
			files = (
			);
			inputPaths = (
				"${PODS_PODFILE_DIR_PATH}/Podfile.lock",
				"${PODS_ROOT}/Manifest.lock",
			);
			name = "[CP] Check Pods Manifest.lock";
			outputPaths = (
				"$(DERIVED_FILE_DIR)/Pods-restaurant WatchKit Extension-checkManifestLockResult.txt",
			);
			runOnlyForDeploymentPostprocessing = 0;
			shellPath = /bin/sh;
			shellScript = "diff \"${PODS_PODFILE_DIR_PATH}/Podfile.lock\" \"${PODS_ROOT}/Manifest.lock\" > /dev/null\nif [ $? != 0 ] ; then\n    # print error to STDERR\n    echo \"error: The sandbox is not in sync with the Podfile.lock. Run 'pod install' or update your CocoaPods installation.\" >&2\n    exit 1\nfi\n# This output is used by Xcode 'outputs' to avoid re-running this script phase.\necho \"SUCCESS\" > \"${SCRIPT_OUTPUT_FILE_0}\"\n";
			showEnvVarsInLog = 0;
		};
		C3C68B74F211F4607BE3532A /* [CP] Check Pods Manifest.lock */ = {
			isa = PBXShellScriptBuildPhase;
			buildActionMask = 2147483647;
			files = (
			);
			inputPaths = (
				"${PODS_PODFILE_DIR_PATH}/Podfile.lock",
				"${PODS_ROOT}/Manifest.lock",
			);
			name = "[CP] Check Pods Manifest.lock";
			outputPaths = (
				"$(DERIVED_FILE_DIR)/Pods-restaurant-checkManifestLockResult.txt",
			);
			runOnlyForDeploymentPostprocessing = 0;
			shellPath = /bin/sh;
			shellScript = "diff \"${PODS_PODFILE_DIR_PATH}/Podfile.lock\" \"${PODS_ROOT}/Manifest.lock\" > /dev/null\nif [ $? != 0 ] ; then\n    # print error to STDERR\n    echo \"error: The sandbox is not in sync with the Podfile.lock. Run 'pod install' or update your CocoaPods installation.\" >&2\n    exit 1\nfi\n# This output is used by Xcode 'outputs' to avoid re-running this script phase.\necho \"SUCCESS\" > \"${SCRIPT_OUTPUT_FILE_0}\"\n";
			showEnvVarsInLog = 0;
		};
		CDF9316078F4CE47AA62EEAC /* [CP] Check Pods Manifest.lock */ = {
			isa = PBXShellScriptBuildPhase;
			buildActionMask = 2147483647;
			files = (
			);
			inputPaths = (
				"${PODS_PODFILE_DIR_PATH}/Podfile.lock",
				"${PODS_ROOT}/Manifest.lock",
			);
			name = "[CP] Check Pods Manifest.lock";
			outputPaths = (
				"$(DERIVED_FILE_DIR)/Pods-HomeKit-checkManifestLockResult.txt",
			);
			runOnlyForDeploymentPostprocessing = 0;
			shellPath = /bin/sh;
			shellScript = "diff \"${PODS_PODFILE_DIR_PATH}/Podfile.lock\" \"${PODS_ROOT}/Manifest.lock\" > /dev/null\nif [ $? != 0 ] ; then\n    # print error to STDERR\n    echo \"error: The sandbox is not in sync with the Podfile.lock. Run 'pod install' or update your CocoaPods installation.\" >&2\n    exit 1\nfi\n# This output is used by Xcode 'outputs' to avoid re-running this script phase.\necho \"SUCCESS\" > \"${SCRIPT_OUTPUT_FILE_0}\"\n";
			showEnvVarsInLog = 0;
		};
		DE32D2FE74967351EC2AA234 /* [CP] Copy Pods Resources */ = {
			isa = PBXShellScriptBuildPhase;
			buildActionMask = 2147483647;
			files = (
			);
			inputPaths = (
			);
			name = "[CP] Copy Pods Resources";
			outputPaths = (
			);
			runOnlyForDeploymentPostprocessing = 0;
			shellPath = /bin/sh;
			shellScript = "\"${SRCROOT}/Pods/Target Support Files/Pods-HomeKit/Pods-HomeKit-resources.sh\"\n";
			showEnvVarsInLog = 0;
		};
/* End PBXShellScriptBuildPhase section */

/* Begin PBXSourcesBuildPhase section */
		669F134C1FE01473008533EB /* Sources */ = {
			isa = PBXSourcesBuildPhase;
			buildActionMask = 2147483647;
			files = (
				669F13551FE01473008533EB /* ViewController.swift in Sources */,
				669F13531FE01473008533EB /* AppDelegate.swift in Sources */,
			);
			runOnlyForDeploymentPostprocessing = 0;
		};
		66AF1EBA1FCF261D008E8E36 /* Sources */ = {
			isa = PBXSourcesBuildPhase;
			buildActionMask = 2147483647;
			files = (
				C43F0AE91FF8139A002F7318 /* ListRestaurantViewController.swift in Sources */,
				C419CA851FF908F60008D4C0 /* BasePresenter.swift in Sources */,
				661EAC6F201936FB009E2B10 /* RootViewController.swift in Sources */,
				C419CA7F1FF908390008D4C0 /* ListRestaurantPresenter.swift in Sources */,
				C419CA781FF83FB80008D4C0 /* TabBarHelper.swift in Sources */,
				66AF1F001FCF3B39008E8E36 /* Restaurant.swift in Sources */,
				661EAC72201938FE009E2B10 /* RootView.swift in Sources */,
				C4065AFD1FF81C6E0026797D /* Configuration.swift in Sources */,
				C4065B051FF831750026797D /* Color.swift in Sources */,
				C4065B021FF831390026797D /* UIColor+Init.swift in Sources */,
				661EAC7620193A32009E2B10 /* MapViewPresenter.swift in Sources */,
				C419CA811FF908620008D4C0 /* Repository.swift in Sources */,
				C43F0AF01FF8182F002F7318 /* RestaurantRepository.swift in Sources */,
				C419CA7B1FF904F50008D4C0 /* MapViewController.swift in Sources */,
				66AF1EC21FCF261D008E8E36 /* AppDelegate.swift in Sources */,
				66AF1EFB1FCF342C008E8E36 /* ApiService.swift in Sources */,
				C419CA831FF908D80008D4C0 /* BaseView.swift in Sources */,
				C4065AFF1FF822830026797D /* Result.swift in Sources */,
				C43F0AF41FF819A3002F7318 /* ApiRestaurantRepository.swift in Sources */,
				661EAC74201939E3009E2B10 /* RootPresenter.swift in Sources */,
			);
			runOnlyForDeploymentPostprocessing = 0;
		};
		66AF1EDB1FCF261D008E8E36 /* Sources */ = {
			isa = PBXSourcesBuildPhase;
			buildActionMask = 2147483647;
			files = (
				66AF1EE71FCF261D008E8E36 /* ExtensionDelegate.swift in Sources */,
				66AF1EE51FCF261D008E8E36 /* InterfaceController.swift in Sources */,
				66AF1EFD1FCF3A25008E8E36 /* Restaurant.swift in Sources */,
			);
			runOnlyForDeploymentPostprocessing = 0;
		};
/* End PBXSourcesBuildPhase section */

/* Begin PBXTargetDependency section */
		66AF1ED31FCF261D008E8E36 /* PBXTargetDependency */ = {
			isa = PBXTargetDependency;
			target = 66AF1ECF1FCF261D008E8E36 /* restaurant WatchKit App */;
			targetProxy = 66AF1ED21FCF261D008E8E36 /* PBXContainerItemProxy */;
		};
		66AF1EE21FCF261D008E8E36 /* PBXTargetDependency */ = {
			isa = PBXTargetDependency;
			target = 66AF1EDE1FCF261D008E8E36 /* restaurant WatchKit Extension */;
			targetProxy = 66AF1EE11FCF261D008E8E36 /* PBXContainerItemProxy */;
		};
/* End PBXTargetDependency section */

/* Begin PBXVariantGroup section */
		66AF1ECA1FCF261D008E8E36 /* LaunchScreen.storyboard */ = {
			isa = PBXVariantGroup;
			children = (
				C4065B0E1FF838070026797D /* Base */,
			);
			name = LaunchScreen.storyboard;
			sourceTree = "<group>";
		};
		66AF1ED51FCF261D008E8E36 /* Interface.storyboard */ = {
			isa = PBXVariantGroup;
			children = (
				C4065B0F1FF838080026797D /* Base */,
			);
			name = Interface.storyboard;
			sourceTree = "<group>";
		};
		C4065B121FF838910026797D /* Localizable.strings */ = {
			isa = PBXVariantGroup;
			children = (
				C4065B131FF838910026797D /* en */,
				C4065B151FF838B90026797D /* Base */,
			);
			name = Localizable.strings;
			sourceTree = "<group>";
		};
/* End PBXVariantGroup section */

/* Begin XCBuildConfiguration section */
		669F135F1FE01473008533EB /* Debug */ = {
			isa = XCBuildConfiguration;
			baseConfigurationReference = 4BC80DC48F317A3A514987FD /* Pods-HomeKit.debug.xcconfig */;
			buildSettings = {
				ASSETCATALOG_COMPILER_APPICON_NAME = AppIcon;
				CODE_SIGN_STYLE = Automatic;
				INFOPLIST_FILE = HomeKit/Info.plist;
				IPHONEOS_DEPLOYMENT_TARGET = 11.2;
				LD_RUNPATH_SEARCH_PATHS = "$(inherited) @executable_path/Frameworks";
				PRODUCT_BUNDLE_IDENTIFIER = com.esgi.HomeKit;
				PRODUCT_NAME = "$(TARGET_NAME)";
				SWIFT_VERSION = 4.0;
				TARGETED_DEVICE_FAMILY = "1,2";
			};
			name = Debug;
		};
		669F13601FE01473008533EB /* Release */ = {
			isa = XCBuildConfiguration;
			baseConfigurationReference = 15A996EF5D708AC2A273BF5A /* Pods-HomeKit.release.xcconfig */;
			buildSettings = {
				ASSETCATALOG_COMPILER_APPICON_NAME = AppIcon;
				CODE_SIGN_STYLE = Automatic;
				INFOPLIST_FILE = HomeKit/Info.plist;
				IPHONEOS_DEPLOYMENT_TARGET = 11.2;
				LD_RUNPATH_SEARCH_PATHS = "$(inherited) @executable_path/Frameworks";
				PRODUCT_BUNDLE_IDENTIFIER = com.esgi.HomeKit;
				PRODUCT_NAME = "$(TARGET_NAME)";
				SWIFT_VERSION = 4.0;
				TARGETED_DEVICE_FAMILY = "1,2";
			};
			name = Release;
		};
		66AF1EEB1FCF261E008E8E36 /* Debug */ = {
			isa = XCBuildConfiguration;
			buildSettings = {
				ALWAYS_SEARCH_USER_PATHS = NO;
				CLANG_ANALYZER_LOCALIZABILITY_NONLOCALIZED = YES;
				CLANG_ANALYZER_NONNULL = YES;
				CLANG_ANALYZER_NUMBER_OBJECT_CONVERSION = YES_AGGRESSIVE;
				CLANG_CXX_LANGUAGE_STANDARD = "gnu++14";
				CLANG_CXX_LIBRARY = "libc++";
				CLANG_ENABLE_MODULES = YES;
				CLANG_ENABLE_OBJC_ARC = YES;
				CLANG_WARN_BLOCK_CAPTURE_AUTORELEASING = YES;
				CLANG_WARN_BOOL_CONVERSION = YES;
				CLANG_WARN_COMMA = YES;
				CLANG_WARN_CONSTANT_CONVERSION = YES;
				CLANG_WARN_DIRECT_OBJC_ISA_USAGE = YES_ERROR;
				CLANG_WARN_DOCUMENTATION_COMMENTS = YES;
				CLANG_WARN_EMPTY_BODY = YES;
				CLANG_WARN_ENUM_CONVERSION = YES;
				CLANG_WARN_INFINITE_RECURSION = YES;
				CLANG_WARN_INT_CONVERSION = YES;
				CLANG_WARN_NON_LITERAL_NULL_CONVERSION = YES;
				CLANG_WARN_OBJC_LITERAL_CONVERSION = YES;
				CLANG_WARN_OBJC_ROOT_CLASS = YES_ERROR;
				CLANG_WARN_RANGE_LOOP_ANALYSIS = YES;
				CLANG_WARN_STRICT_PROTOTYPES = YES;
				CLANG_WARN_SUSPICIOUS_MOVE = YES;
				CLANG_WARN_UNGUARDED_AVAILABILITY = YES_AGGRESSIVE;
				CLANG_WARN_UNREACHABLE_CODE = YES;
				CLANG_WARN__DUPLICATE_METHOD_MATCH = YES;
				CODE_SIGN_IDENTITY = "iPhone Developer";
				COPY_PHASE_STRIP = NO;
				DEBUG_INFORMATION_FORMAT = dwarf;
				ENABLE_STRICT_OBJC_MSGSEND = YES;
				ENABLE_TESTABILITY = YES;
				GCC_C_LANGUAGE_STANDARD = gnu11;
				GCC_DYNAMIC_NO_PIC = NO;
				GCC_NO_COMMON_BLOCKS = YES;
				GCC_OPTIMIZATION_LEVEL = 0;
				GCC_PREPROCESSOR_DEFINITIONS = (
					"DEBUG=1",
					"$(inherited)",
				);
				GCC_WARN_64_TO_32_BIT_CONVERSION = YES;
				GCC_WARN_ABOUT_RETURN_TYPE = YES_ERROR;
				GCC_WARN_UNDECLARED_SELECTOR = YES;
				GCC_WARN_UNINITIALIZED_AUTOS = YES_AGGRESSIVE;
				GCC_WARN_UNUSED_FUNCTION = YES;
				GCC_WARN_UNUSED_VARIABLE = YES;
				IPHONEOS_DEPLOYMENT_TARGET = 11.1;
				MTL_ENABLE_DEBUG_INFO = YES;
				ONLY_ACTIVE_ARCH = YES;
				SDKROOT = iphoneos;
				SWIFT_ACTIVE_COMPILATION_CONDITIONS = DEBUG;
				SWIFT_OPTIMIZATION_LEVEL = "-Onone";
			};
			name = Debug;
		};
		66AF1EEC1FCF261E008E8E36 /* Release */ = {
			isa = XCBuildConfiguration;
			buildSettings = {
				ALWAYS_SEARCH_USER_PATHS = NO;
				CLANG_ANALYZER_LOCALIZABILITY_NONLOCALIZED = YES;
				CLANG_ANALYZER_NONNULL = YES;
				CLANG_ANALYZER_NUMBER_OBJECT_CONVERSION = YES_AGGRESSIVE;
				CLANG_CXX_LANGUAGE_STANDARD = "gnu++14";
				CLANG_CXX_LIBRARY = "libc++";
				CLANG_ENABLE_MODULES = YES;
				CLANG_ENABLE_OBJC_ARC = YES;
				CLANG_WARN_BLOCK_CAPTURE_AUTORELEASING = YES;
				CLANG_WARN_BOOL_CONVERSION = YES;
				CLANG_WARN_COMMA = YES;
				CLANG_WARN_CONSTANT_CONVERSION = YES;
				CLANG_WARN_DIRECT_OBJC_ISA_USAGE = YES_ERROR;
				CLANG_WARN_DOCUMENTATION_COMMENTS = YES;
				CLANG_WARN_EMPTY_BODY = YES;
				CLANG_WARN_ENUM_CONVERSION = YES;
				CLANG_WARN_INFINITE_RECURSION = YES;
				CLANG_WARN_INT_CONVERSION = YES;
				CLANG_WARN_NON_LITERAL_NULL_CONVERSION = YES;
				CLANG_WARN_OBJC_LITERAL_CONVERSION = YES;
				CLANG_WARN_OBJC_ROOT_CLASS = YES_ERROR;
				CLANG_WARN_RANGE_LOOP_ANALYSIS = YES;
				CLANG_WARN_STRICT_PROTOTYPES = YES;
				CLANG_WARN_SUSPICIOUS_MOVE = YES;
				CLANG_WARN_UNGUARDED_AVAILABILITY = YES_AGGRESSIVE;
				CLANG_WARN_UNREACHABLE_CODE = YES;
				CLANG_WARN__DUPLICATE_METHOD_MATCH = YES;
				CODE_SIGN_IDENTITY = "iPhone Developer";
				COPY_PHASE_STRIP = NO;
				DEBUG_INFORMATION_FORMAT = "dwarf-with-dsym";
				ENABLE_NS_ASSERTIONS = NO;
				ENABLE_STRICT_OBJC_MSGSEND = YES;
				GCC_C_LANGUAGE_STANDARD = gnu11;
				GCC_NO_COMMON_BLOCKS = YES;
				GCC_WARN_64_TO_32_BIT_CONVERSION = YES;
				GCC_WARN_ABOUT_RETURN_TYPE = YES_ERROR;
				GCC_WARN_UNDECLARED_SELECTOR = YES;
				GCC_WARN_UNINITIALIZED_AUTOS = YES_AGGRESSIVE;
				GCC_WARN_UNUSED_FUNCTION = YES;
				GCC_WARN_UNUSED_VARIABLE = YES;
				IPHONEOS_DEPLOYMENT_TARGET = 11.1;
				MTL_ENABLE_DEBUG_INFO = NO;
				SDKROOT = iphoneos;
				SWIFT_OPTIMIZATION_LEVEL = "-Owholemodule";
				VALIDATE_PRODUCT = YES;
			};
			name = Release;
		};
		66AF1EEE1FCF261E008E8E36 /* Debug */ = {
			isa = XCBuildConfiguration;
			baseConfigurationReference = 839C769DD73EC890337B758D /* Pods-restaurant WatchKit Extension.debug.xcconfig */;
			buildSettings = {
				ASSETCATALOG_COMPILER_COMPLICATION_NAME = Complication;
				CODE_SIGN_STYLE = Automatic;
				INFOPLIST_FILE = "restaurant WatchKit Extension/Info.plist";
				LD_RUNPATH_SEARCH_PATHS = "$(inherited) @executable_path/Frameworks @executable_path/../../Frameworks";
				PRODUCT_BUNDLE_IDENTIFIER = com.esgi.restaurant.watchkitapp.watchkitextension;
				PRODUCT_NAME = "${TARGET_NAME}";
				SDKROOT = watchos;
				SKIP_INSTALL = YES;
				SWIFT_VERSION = 4.0;
				TARGETED_DEVICE_FAMILY = 4;
				WATCHOS_DEPLOYMENT_TARGET = 4.1;
			};
			name = Debug;
		};
		66AF1EEF1FCF261E008E8E36 /* Release */ = {
			isa = XCBuildConfiguration;
			baseConfigurationReference = BA080F3EFA46569BF7C6072F /* Pods-restaurant WatchKit Extension.release.xcconfig */;
			buildSettings = {
				ASSETCATALOG_COMPILER_COMPLICATION_NAME = Complication;
				CODE_SIGN_STYLE = Automatic;
				INFOPLIST_FILE = "restaurant WatchKit Extension/Info.plist";
				LD_RUNPATH_SEARCH_PATHS = "$(inherited) @executable_path/Frameworks @executable_path/../../Frameworks";
				PRODUCT_BUNDLE_IDENTIFIER = com.esgi.restaurant.watchkitapp.watchkitextension;
				PRODUCT_NAME = "${TARGET_NAME}";
				SDKROOT = watchos;
				SKIP_INSTALL = YES;
				SWIFT_VERSION = 4.0;
				TARGETED_DEVICE_FAMILY = 4;
				WATCHOS_DEPLOYMENT_TARGET = 4.1;
			};
			name = Release;
		};
		66AF1EF21FCF261E008E8E36 /* Debug */ = {
			isa = XCBuildConfiguration;
			baseConfigurationReference = FCDAFDFEF243A2832927DAB5 /* Pods-restaurant WatchKit App.debug.xcconfig */;
			buildSettings = {
				ALWAYS_EMBED_SWIFT_STANDARD_LIBRARIES = YES;
				ASSETCATALOG_COMPILER_APPICON_NAME = AppIcon;
				CODE_SIGN_STYLE = Automatic;
				IBSC_MODULE = restaurant_WatchKit_Extension;
				INFOPLIST_FILE = "restaurant WatchKit App/Info.plist";
				PRODUCT_BUNDLE_IDENTIFIER = com.esgi.restaurant.watchkitapp;
				PRODUCT_NAME = "$(TARGET_NAME)";
				SDKROOT = watchos;
				SKIP_INSTALL = YES;
				SWIFT_VERSION = 4.0;
				TARGETED_DEVICE_FAMILY = 4;
				WATCHOS_DEPLOYMENT_TARGET = 4.1;
			};
			name = Debug;
		};
		66AF1EF31FCF261E008E8E36 /* Release */ = {
			isa = XCBuildConfiguration;
			baseConfigurationReference = C4973083BB3C5597D7F4D47A /* Pods-restaurant WatchKit App.release.xcconfig */;
			buildSettings = {
				ALWAYS_EMBED_SWIFT_STANDARD_LIBRARIES = YES;
				ASSETCATALOG_COMPILER_APPICON_NAME = AppIcon;
				CODE_SIGN_STYLE = Automatic;
				IBSC_MODULE = restaurant_WatchKit_Extension;
				INFOPLIST_FILE = "restaurant WatchKit App/Info.plist";
				PRODUCT_BUNDLE_IDENTIFIER = com.esgi.restaurant.watchkitapp;
				PRODUCT_NAME = "$(TARGET_NAME)";
				SDKROOT = watchos;
				SKIP_INSTALL = YES;
				SWIFT_VERSION = 4.0;
				TARGETED_DEVICE_FAMILY = 4;
				WATCHOS_DEPLOYMENT_TARGET = 4.1;
			};
			name = Release;
		};
		66AF1EF61FCF261E008E8E36 /* Debug */ = {
			isa = XCBuildConfiguration;
			baseConfigurationReference = 391B94659F3C181012FCAD4D /* Pods-restaurant.debug.xcconfig */;
			buildSettings = {
				ASSETCATALOG_COMPILER_APPICON_NAME = AppIcon;
				CLANG_ENABLE_MODULES = YES;
				CODE_SIGN_STYLE = Automatic;
				INFOPLIST_FILE = restaurant/Info.plist;
				LD_RUNPATH_SEARCH_PATHS = "$(inherited) @executable_path/Frameworks";
				PRODUCT_BUNDLE_IDENTIFIER = com.esgi.restaurant;
				PRODUCT_NAME = "$(TARGET_NAME)";
				SWIFT_OBJC_BRIDGING_HEADER = "restaurant/restaurant-Bridging-Header.h";
				SWIFT_OPTIMIZATION_LEVEL = "-Onone";
				SWIFT_VERSION = 4.0;
				TARGETED_DEVICE_FAMILY = "1,2";
			};
			name = Debug;
		};
		66AF1EF71FCF261E008E8E36 /* Release */ = {
			isa = XCBuildConfiguration;
			baseConfigurationReference = 7A230747928B677F8837BD8E /* Pods-restaurant.release.xcconfig */;
			buildSettings = {
				ASSETCATALOG_COMPILER_APPICON_NAME = AppIcon;
				CLANG_ENABLE_MODULES = YES;
				CODE_SIGN_STYLE = Automatic;
				INFOPLIST_FILE = restaurant/Info.plist;
				LD_RUNPATH_SEARCH_PATHS = "$(inherited) @executable_path/Frameworks";
				PRODUCT_BUNDLE_IDENTIFIER = com.esgi.restaurant;
				PRODUCT_NAME = "$(TARGET_NAME)";
				SWIFT_OBJC_BRIDGING_HEADER = "restaurant/restaurant-Bridging-Header.h";
				SWIFT_VERSION = 4.0;
				TARGETED_DEVICE_FAMILY = "1,2";
			};
			name = Release;
		};
/* End XCBuildConfiguration section */

/* Begin XCConfigurationList section */
		669F13611FE01473008533EB /* Build configuration list for PBXNativeTarget "HomeKit" */ = {
			isa = XCConfigurationList;
			buildConfigurations = (
				669F135F1FE01473008533EB /* Debug */,
				669F13601FE01473008533EB /* Release */,
			);
			defaultConfigurationIsVisible = 0;
			defaultConfigurationName = Release;
		};
		66AF1EB91FCF261D008E8E36 /* Build configuration list for PBXProject "restaurant" */ = {
			isa = XCConfigurationList;
			buildConfigurations = (
				66AF1EEB1FCF261E008E8E36 /* Debug */,
				66AF1EEC1FCF261E008E8E36 /* Release */,
			);
			defaultConfigurationIsVisible = 0;
			defaultConfigurationName = Release;
		};
		66AF1EED1FCF261E008E8E36 /* Build configuration list for PBXNativeTarget "restaurant WatchKit Extension" */ = {
			isa = XCConfigurationList;
			buildConfigurations = (
				66AF1EEE1FCF261E008E8E36 /* Debug */,
				66AF1EEF1FCF261E008E8E36 /* Release */,
			);
			defaultConfigurationIsVisible = 0;
			defaultConfigurationName = Release;
		};
		66AF1EF11FCF261E008E8E36 /* Build configuration list for PBXNativeTarget "restaurant WatchKit App" */ = {
			isa = XCConfigurationList;
			buildConfigurations = (
				66AF1EF21FCF261E008E8E36 /* Debug */,
				66AF1EF31FCF261E008E8E36 /* Release */,
			);
			defaultConfigurationIsVisible = 0;
			defaultConfigurationName = Release;
		};
		66AF1EF51FCF261E008E8E36 /* Build configuration list for PBXNativeTarget "restaurant" */ = {
			isa = XCConfigurationList;
			buildConfigurations = (
				66AF1EF61FCF261E008E8E36 /* Debug */,
				66AF1EF71FCF261E008E8E36 /* Release */,
			);
			defaultConfigurationIsVisible = 0;
			defaultConfigurationName = Release;
		};
/* End XCConfigurationList section */
	};
	rootObject = 66AF1EB61FCF261D008E8E36 /* Project object */;
}
